// !$*UTF8*$!
{
	archiveVersion = 1;
	classes = {
	};
	objectVersion = 48;
	objects = {

/* Begin PBXBuildFile section */
		57EA2C002245B6C500CA9A0C /* AppDelegate.swift in Sources */ = {isa = PBXBuildFile; fileRef = 57EA2BFF2245B6C500CA9A0C /* AppDelegate.swift */; };
		57EA2C022245B6C500CA9A0C /* ViewController.swift in Sources */ = {isa = PBXBuildFile; fileRef = 57EA2C012245B6C500CA9A0C /* ViewController.swift */; };
		57EA2C052245B6C500CA9A0C /* Main.storyboard in Resources */ = {isa = PBXBuildFile; fileRef = 57EA2C032245B6C500CA9A0C /* Main.storyboard */; };
		57EA2C082245B6C500CA9A0C /* MyPhomeApp.xcdatamodeld in Sources */ = {isa = PBXBuildFile; fileRef = 57EA2C062245B6C500CA9A0C /* MyPhomeApp.xcdatamodeld */; };
		57EA2C0A2245B6C500CA9A0C /* Assets.xcassets in Resources */ = {isa = PBXBuildFile; fileRef = 57EA2C092245B6C500CA9A0C /* Assets.xcassets */; };
		57EA2C0D2245B6C500CA9A0C /* LaunchScreen.storyboard in Resources */ = {isa = PBXBuildFile; fileRef = 57EA2C0B2245B6C500CA9A0C /* LaunchScreen.storyboard */; };
/* End PBXBuildFile section */

/* Begin PBXFileReference section */
		57EA2BFC2245B6C500CA9A0C /* MyPhomeApp.app */ = {isa = PBXFileReference; explicitFileType = wrapper.application; includeInIndex = 0; path = MyPhomeApp.app; sourceTree = BUILT_PRODUCTS_DIR; };
		57EA2BFF2245B6C500CA9A0C /* AppDelegate.swift */ = {isa = PBXFileReference; lastKnownFileType = sourcecode.swift; path = AppDelegate.swift; sourceTree = "<group>"; };
		57EA2C012245B6C500CA9A0C /* ViewController.swift */ = {isa = PBXFileReference; lastKnownFileType = sourcecode.swift; path = ViewController.swift; sourceTree = "<group>"; };
		57EA2C042245B6C500CA9A0C /* Base */ = {isa = PBXFileReference; lastKnownFileType = file.storyboard; name = Base; path = Base.lproj/Main.storyboard; sourceTree = "<group>"; };
		57EA2C072245B6C500CA9A0C /* MyPhomeApp.xcdatamodel */ = {isa = PBXFileReference; lastKnownFileType = wrapper.xcdatamodel; path = MyPhomeApp.xcdatamodel; sourceTree = "<group>"; };
		57EA2C092245B6C500CA9A0C /* Assets.xcassets */ = {isa = PBXFileReference; lastKnownFileType = folder.assetcatalog; path = Assets.xcassets; sourceTree = "<group>"; };
		57EA2C0C2245B6C500CA9A0C /* Base */ = {isa = PBXFileReference; lastKnownFileType = file.storyboard; name = Base; path = Base.lproj/LaunchScreen.storyboard; sourceTree = "<group>"; };
		57EA2C0E2245B6C500CA9A0C /* Info.plist */ = {isa = PBXFileReference; lastKnownFileType = text.plist.xml; path = Info.plist; sourceTree = "<group>"; };
/* End PBXFileReference section */

/* Begin PBXFrameworksBuildPhase section */
		57EA2BF92245B6C500CA9A0C /* Frameworks */ = {
			isa = PBXFrameworksBuildPhase;
			buildActionMask = 2147483647;
			files = (
			);
			runOnlyForDeploymentPostprocessing = 0;
		};
/* End PBXFrameworksBuildPhase section */

/* Begin PBXGroup section */
		57EA2BF32245B6C500CA9A0C = {
			isa = PBXGroup;
			children = (
				57EA2BFE2245B6C500CA9A0C /* MyPhomeApp */,
				57EA2BFD2245B6C500CA9A0C /* Products */,
			);
			sourceTree = "<group>";
		};
		57EA2BFD2245B6C500CA9A0C /* Products */ = {
			isa = PBXGroup;
			children = (
				57EA2BFC2245B6C500CA9A0C /* MyPhomeApp.app */,
			);
			name = Products;
			sourceTree = "<group>";
		};
		57EA2BFE2245B6C500CA9A0C /* MyPhomeApp */ = {
			isa = PBXGroup;
			children = (
				57EA2BFF2245B6C500CA9A0C /* AppDelegate.swift */,
				57EA2C012245B6C500CA9A0C /* ViewController.swift */,
				57EA2C032245B6C500CA9A0C /* Main.storyboard */,
				57EA2C092245B6C500CA9A0C /* Assets.xcassets */,
				57EA2C0B2245B6C500CA9A0C /* LaunchScreen.storyboard */,
				57EA2C0E2245B6C500CA9A0C /* Info.plist */,
				57EA2C062245B6C500CA9A0C /* MyPhomeApp.xcdatamodeld */,
			);
			path = MyPhomeApp;
			sourceTree = "<group>";
		};
/* End PBXGroup section */

/* Begin PBXNativeTarget section */
		57EA2BFB2245B6C500CA9A0C /* MyPhomeApp */ = {
			isa = PBXNativeTarget;
			buildConfigurationList = 57EA2C112245B6C500CA9A0C /* Build configuration list for PBXNativeTarget "MyPhomeApp" */;
			buildPhases = (
				57EA2BF82245B6C500CA9A0C /* Sources */,
				57EA2BF92245B6C500CA9A0C /* Frameworks */,
				57EA2BFA2245B6C500CA9A0C /* Resources */,
			);
			buildRules = (
			);
			dependencies = (
			);
			name = MyPhomeApp;
			productName = MyPhomeApp;
			productReference = 57EA2BFC2245B6C500CA9A0C /* MyPhomeApp.app */;
			productType = "com.apple.product-type.application";
		};
/* End PBXNativeTarget section */

/* Begin PBXProject section */
		57EA2BF42245B6C500CA9A0C /* Project object */ = {
			isa = PBXProject;
			attributes = {
				LastSwiftUpdateCheck = 0920;
				LastUpgradeCheck = 0920;
				ORGANIZATIONNAME = Axel;
				TargetAttributes = {
					57EA2BFB2245B6C500CA9A0C = {
						CreatedOnToolsVersion = 9.2;
						ProvisioningStyle = Automatic;
					};
				};
			};
			buildConfigurationList = 57EA2BF72245B6C500CA9A0C /* Build configuration list for PBXProject "MyPhomeApp" */;
			compatibilityVersion = "Xcode 8.0";
			developmentRegion = en;
			hasScannedForEncodings = 0;
			knownRegions = (
				en,
				Base,
			);
			mainGroup = 57EA2BF32245B6C500CA9A0C;
			productRefGroup = 57EA2BFD2245B6C500CA9A0C /* Products */;
			projectDirPath = "";
			projectRoot = "";
			targets = (
				57EA2BFB2245B6C500CA9A0C /* MyPhomeApp */,
			);
		};
/* End PBXProject section */

/* Begin PBXResourcesBuildPhase section */
		57EA2BFA2245B6C500CA9A0C /* Resources */ = {
			isa = PBXResourcesBuildPhase;
			buildActionMask = 2147483647;
			files = (
				57EA2C0D2245B6C500CA9A0C /* LaunchScreen.storyboard in Resources */,
				57EA2C0A2245B6C500CA9A0C /* Assets.xcassets in Resources */,
				57EA2C052245B6C500CA9A0C /* Main.storyboard in Resources */,
			);
			runOnlyForDeploymentPostprocessing = 0;
		};
/* End PBXResourcesBuildPhase section */

/* Begin PBXSourcesBuildPhase section */
		57EA2BF82245B6C500CA9A0C /* Sources */ = {
			isa = PBXSourcesBuildPhase;
			buildActionMask = 2147483647;
			files = (
				57EA2C022245B6C500CA9A0C /* ViewController.swift in Sources */,
				57EA2C082245B6C500CA9A0C /* MyPhomeApp.xcdatamodeld in Sources */,
				57EA2C002245B6C500CA9A0C /* AppDelegate.swift in Sources */,
			);
			runOnlyForDeploymentPostprocessing = 0;
		};
/* End PBXSourcesBuildPhase section */

/* Begin PBXVariantGroup section */
		57EA2C032245B6C500CA9A0C /* Main.storyboard */ = {
			isa = PBXVariantGroup;
			children = (
				57EA2C042245B6C500CA9A0C /* Base */,
			);
			name = Main.storyboard;
			sourceTree = "<group>";
		};
		57EA2C0B2245B6C500CA9A0C /* LaunchScreen.storyboard */ = {
			isa = PBXVariantGroup;
			children = (
				57EA2C0C2245B6C500CA9A0C /* Base */,
			);
			name = LaunchScreen.storyboard;
			sourceTree = "<group>";
		};
/* End PBXVariantGroup section */

/* Begin XCBuildConfiguration section */
		57EA2C0F2245B6C500CA9A0C /* Debug */ = {
			isa = XCBuildConfiguration;
			buildSettings = {
				ALWAYS_SEARCH_USER_PATHS = NO;
				CLANG_ANALYZER_NONNULL = YES;
				CLANG_ANALYZER_NUMBER_OBJECT_CONVERSION = YES_AGGRESSIVE;
				CLANG_CXX_LANGUAGE_STANDARD = "gnu++14";
				CLANG_CXX_LIBRARY = "libc++";
				CLANG_ENABLE_MODULES = YES;
				CLANG_ENABLE_OBJC_ARC = YES;
				CLANG_WARN_BLOCK_CAPTURE_AUTORELEASING = YES;
				CLANG_WARN_BOOL_CONVERSION = YES;
				CLANG_WARN_COMMA = YES;
				CLANG_WARN_CONSTANT_CONVERSION = YES;
				CLANG_WARN_DIRECT_OBJC_ISA_USAGE = YES_ERROR;
				CLANG_WARN_DOCUMENTATION_COMMENTS = YES;
				CLANG_WARN_EMPTY_BODY = YES;
				CLANG_WARN_ENUM_CONVERSION = YES;
				CLANG_WARN_INFINITE_RECURSION = YES;
				CLANG_WARN_INT_CONVERSION = YES;
				CLANG_WARN_NON_LITERAL_NULL_CONVERSION = YES;
				CLANG_WARN_OBJC_LITERAL_CONVERSION = YES;
				CLANG_WARN_OBJC_ROOT_CLASS = YES_ERROR;
				CLANG_WARN_RANGE_LOOP_ANALYSIS = YES;
				CLANG_WARN_STRICT_PROTOTYPES = YES;
				CLANG_WARN_SUSPICIOUS_MOVE = YES;
				CLANG_WARN_UNGUARDED_AVAILABILITY = YES_AGGRESSIVE;
				CLANG_WARN_UNREACHABLE_CODE = YES;
				CLANG_WARN__DUPLICATE_METHOD_MATCH = YES;
				CODE_SIGN_IDENTITY = "iPhone Developer";
				COPY_PHASE_STRIP = NO;
				DEBUG_INFORMATION_FORMAT = dwarf;
				ENABLE_STRICT_OBJC_MSGSEND = YES;
				ENABLE_TESTABILITY = YES;
				GCC_C_LANGUAGE_STANDARD = gnu11;
				GCC_DYNAMIC_NO_PIC = NO;
				GCC_NO_COMMON_BLOCKS = YES;
				GCC_OPTIMIZATION_LEVEL = 0;
				GCC_PREPROCESSOR_DEFINITIONS = (
					"DEBUG=1",
					"$(inherited)",
				);
				GCC_WARN_64_TO_32_BIT_CONVERSION = YES;
				GCC_WARN_ABOUT_RETURN_TYPE = YES_ERROR;
				GCC_WARN_UNDECLARED_SELECTOR = YES;
				GCC_WARN_UNINITIALIZED_AUTOS = YES_AGGRESSIVE;
				GCC_WARN_UNUSED_FUNCTION = YES;
				GCC_WARN_UNUSED_VARIABLE = YES;
				IPHONEOS_DEPLOYMENT_TARGET = 11.2;
				MTL_ENABLE_DEBUG_INFO = YES;
				ONLY_ACTIVE_ARCH = YES;
				SDKROOT = iphoneos;
				SWIFT_ACTIVE_COMPILATION_CONDITIONS = DEBUG;
				SWIFT_OPTIMIZATION_LEVEL = "-Onone";
			};
			name = Debug;
		};
		57EA2C102245B6C500CA9A0C /* Release */ = {
			isa = XCBuildConfiguration;
			buildSettings = {
				ALWAYS_SEARCH_USER_PATHS = NO;
				CLANG_ANALYZER_NONNULL = YES;
				CLANG_ANALYZER_NUMBER_OBJECT_CONVERSION = YES_AGGRESSIVE;
				CLANG_CXX_LANGUAGE_STANDARD = "gnu++14";
				CLANG_CXX_LIBRARY = "libc++";
				CLANG_ENABLE_MODULES = YES;
				CLANG_ENABLE_OBJC_ARC = YES;
				CLANG_WARN_BLOCK_CAPTURE_AUTORELEASING = YES;
				CLANG_WARN_BOOL_CONVERSION = YES;
				CLANG_WARN_COMMA = YES;
				CLANG_WARN_CONSTANT_CONVERSION = YES;
				CLANG_WARN_DIRECT_OBJC_ISA_USAGE = YES_ERROR;
				CLANG_WARN_DOCUMENTATION_COMMENTS = YES;
				CLANG_WARN_EMPTY_BODY = YES;
				CLANG_WARN_ENUM_CONVERSION = YES;
				CLANG_WARN_INFINITE_RECURSION = YES;
				CLANG_WARN_INT_CONVERSION = YES;
				CLANG_WARN_NON_LITERAL_NULL_CONVERSION = YES;
				CLANG_WARN_OBJC_LITERAL_CONVERSION = YES;
				CLANG_WARN_OBJC_ROOT_CLASS = YES_ERROR;
				CLANG_WARN_RANGE_LOOP_ANALYSIS = YES;
				CLANG_WARN_STRICT_PROTOTYPES = YES;
				CLANG_WARN_SUSPICIOUS_MOVE = YES;
				CLANG_WARN_UNGUARDED_AVAILABILITY = YES_AGGRESSIVE;
				CLANG_WARN_UNREACHABLE_CODE = YES;
				CLANG_WARN__DUPLICATE_METHOD_MATCH = YES;
				CODE_SIGN_IDENTITY = "iPhone Developer";
				COPY_PHASE_STRIP = NO;
				DEBUG_INFORMATION_FORMAT = "dwarf-with-dsym";
				ENABLE_NS_ASSERTIONS = NO;
				ENABLE_STRICT_OBJC_MSGSEND = YES;
				GCC_C_LANGUAGE_STANDARD = gnu11;
				GCC_NO_COMMON_BLOCKS = YES;
				GCC_WARN_64_TO_32_BIT_CONVERSION = YES;
				GCC_WARN_ABOUT_RETURN_TYPE = YES_ERROR;
				GCC_WARN_UNDECLARED_SELECTOR = YES;
				GCC_WARN_UNINITIALIZED_AUTOS = YES_AGGRESSIVE;
				GCC_WARN_UNUSED_FUNCTION = YES;
				GCC_WARN_UNUSED_VARIABLE = YES;
				IPHONEOS_DEPLOYMENT_TARGET = 11.2;
				MTL_ENABLE_DEBUG_INFO = NO;
				SDKROOT = iphoneos;
				SWIFT_OPTIMIZATION_LEVEL = "-Owholemodule";
				VALIDATE_PRODUCT = YES;
			};
			name = Release;
		};
		57EA2C122245B6C500CA9A0C /* Debug */ = {
			isa = XCBuildConfiguration;
			buildSettings = {
				ASSETCATALOG_COMPILER_APPICON_NAME = AppIcon;
				CODE_SIGN_STYLE = Automatic;
				DEVELOPMENT_TEAM = ZXD9XSY3RV;
				INFOPLIST_FILE = MyPhomeApp/Info.plist;
				LD_RUNPATH_SEARCH_PATHS = "$(inherited) @executable_path/Frameworks";
				PRODUCT_BUNDLE_IDENTIFIER = br.ufg.MyPhomeApp;
				PRODUCT_NAME = "$(TARGET_NAME)";
				SWIFT_VERSION = 4.0;
				TARGETED_DEVICE_FAMILY = "1,2";
			};
			name = Debug;
		};
		57EA2C132245B6C500CA9A0C /* Release */ = {
			isa = XCBuildConfiguration;
			buildSettings = {
				ASSETCATALOG_COMPILER_APPICON_NAME = AppIcon;
				CODE_SIGN_STYLE = Automatic;
				DEVELOPMENT_TEAM = ZXD9XSY3RV;
				INFOPLIST_FILE = MyPhomeApp/Info.plist;
				LD_RUNPATH_SEARCH_PATHS = "$(inherited) @executable_path/Frameworks";
				PRODUCT_BUNDLE_IDENTIFIER = br.ufg.MyPhomeApp;
				PRODUCT_NAME = "$(TARGET_NAME)";
				SWIFT_VERSION = 4.0;
				TARGETED_DEVICE_FAMILY = "1,2";
			};
			name = Release;
		};
/* End XCBuildConfiguration section */

/* Begin XCConfigurationList section */
		57EA2BF72245B6C500CA9A0C /* Build configuration list for PBXProject "MyPhomeApp" */ = {
			isa = XCConfigurationList;
			buildConfigurations = (
				57EA2C0F2245B6C500CA9A0C /* Debug */,
				57EA2C102245B6C500CA9A0C /* Release */,
			);
			defaultConfigurationIsVisible = 0;
			defaultConfigurationName = Release;
		};
		57EA2C112245B6C500CA9A0C /* Build configuration list for PBXNativeTarget "MyPhomeApp" */ = {
			isa = XCConfigurationList;
			buildConfigurations = (
				57EA2C122245B6C500CA9A0C /* Debug */,
				57EA2C132245B6C500CA9A0C /* Release */,
			);
			defaultConfigurationIsVisible = 0;
			defaultConfigurationName = Release;
		};
/* End XCConfigurationList section */

/* Begin XCVersionGroup section */
		57EA2C062245B6C500CA9A0C /* MyPhomeApp.xcdatamodeld */ = {
			isa = XCVersionGroup;
			children = (
				57EA2C072245B6C500CA9A0C /* MyPhomeApp.xcdatamodel */,
			);
			currentVersion = 57EA2C072245B6C500CA9A0C /* MyPhomeApp.xcdatamodel */;
			path = MyPhomeApp.xcdatamodeld;
			sourceTree = "<group>";
			versionGroupType = wrapper.xcdatamodel;
		};
/* End XCVersionGroup section */
	};
	rootObject = 57EA2BF42245B6C500CA9A0C /* Project object */;
}
